PODS:
  - Smart-Core-SDK (7.16.0)
  - Smart-Instream-SDK (7.16.0):
    - Smart-Core-SDK (~> 7.16)

DEPENDENCIES:
  - Smart-Instream-SDK (~> 7.16.0)

SPEC REPOS:
  https://github.com/CocoaPods/Specs.git:
    - Smart-Core-SDK
    - Smart-Instream-SDK

SPEC CHECKSUMS:
  Smart-Core-SDK: 6eb61082ec48ad48cf416708487b1ad3c25770cc
  Smart-Instream-SDK: 5bda72d0f19225f627b9190e74157ec852157cfd

PODFILE CHECKSUM: 904b3cf092261a9b379b58e4e3bd2a9cb96810fc

COCOAPODS: 1.11.2
