PODS:
  - JWPlayer-SDK (3.19.1)
  - Smart-Core-SDK (7.11.0)
  - Smart-Instream-SDK (7.11.0):
    - Smart-Core-SDK (~> 7.11)

DEPENDENCIES:
  - JWPlayer-SDK (= 3.19.1)
  - Smart-Instream-SDK (= 7.11.0)

SPEC REPOS:
  https://github.com/CocoaPods/Specs.git:
    - JWPlayer-SDK
    - Smart-Core-SDK
    - Smart-Instream-SDK

SPEC CHECKSUMS:
  JWPlayer-SDK: 8cebd2d86bcaa6c505d0bb07260b5c9e668ab257
  Smart-Core-SDK: 71d1c27d7a177432bd61db1b30426917bf1c9c21
  Smart-Instream-SDK: 08e21ccd5d79ec890696408d7389b48fd6a68086

PODFILE CHECKSUM: 3d86b4433a2b9c13e36acd7ec59769b445eb0eee

COCOAPODS: 1.10.1
