PODS:
  - Smart-Instream-SDK (7.26.0)

DEPENDENCIES:
  - Smart-Instream-SDK (~> 7.26.0)

SPEC REPOS:
  https://github.com/CocoaPods/Specs.git:
    - Smart-Instream-SDK

SPEC CHECKSUMS:
  Smart-Instream-SDK: 7b69a8cf12154d6e2ee433e621860be41bcdc394

PODFILE CHECKSUM: 03a3f2f7ee8bda7e1b78c309375d45d1a55d130d

COCOAPODS: 1.15.2
