PODS:
  - Smart-Instream-SDK (7.25.0)

DEPENDENCIES:
  - Smart-Instream-SDK (~> 7.25.0)

SPEC REPOS:
  https://github.com/CocoaPods/Specs.git:
    - Smart-Instream-SDK

SPEC CHECKSUMS:
  Smart-Instream-SDK: c17ad69d80970381d6a0abd2e9bf10a6cec453af

PODFILE CHECKSUM: ede03206b89e871bc774663b6776d830cb08c5f4

COCOAPODS: 1.15.2
