PODS:
  - JWPlayer-SDK (3.19.1)
  - Smart-Core-SDK (7.20.0)
  - Smart-Instream-SDK (7.20.0):
    - Smart-Core-SDK (~> 7.20)

DEPENDENCIES:
  - JWPlayer-SDK (= 3.19.1)
  - Smart-Instream-SDK (~> 7.20.0)

SPEC REPOS:
  https://github.com/CocoaPods/Specs.git:
    - JWPlayer-SDK
    - Smart-Core-SDK
    - Smart-Instream-SDK

SPEC CHECKSUMS:
  JWPlayer-SDK: 8cebd2d86bcaa6c505d0bb07260b5c9e668ab257
  Smart-Core-SDK: fffd60b4e87bd3cf2c2f106b512a06ff8feacd3b
  Smart-Instream-SDK: da10b2175f0ea41178953229a9ada34e298f6b6f

PODFILE CHECKSUM: 3bb24f78310c2c6473fb8be54807c1d548cf66bc

COCOAPODS: 1.11.3
