PODS:
  - Smart-Core-SDK (7.5.0)
  - Smart-Instream-SDK (7.5.0):
    - Smart-Core-SDK (~> 7.5)

DEPENDENCIES:
  - Smart-Instream-SDK (= 7.5.0)

SPEC REPOS:
  https://github.com/CocoaPods/Specs.git:
    - Smart-Core-SDK
    - Smart-Instream-SDK

SPEC CHECKSUMS:
  Smart-Core-SDK: 0fcbfbe8bd3287f5f6c0ec40c5db2928e3d98634
  Smart-Instream-SDK: 003e33acbe30817eea626fb0cd688a2878e27193

PODFILE CHECKSUM: 23936f89eb78e3b0d936fa840389afc659293a81

COCOAPODS: 1.8.4
