PODS:
  - Smart-Core-SDK (7.11.0)
  - Smart-Instream-SDK (7.11.0):
    - Smart-Core-SDK (~> 7.11)

DEPENDENCIES:
  - Smart-Instream-SDK (= 7.11.0)

SPEC REPOS:
  https://github.com/CocoaPods/Specs.git:
    - Smart-Core-SDK
    - Smart-Instream-SDK

SPEC CHECKSUMS:
  Smart-Core-SDK: 71d1c27d7a177432bd61db1b30426917bf1c9c21
  Smart-Instream-SDK: 08e21ccd5d79ec890696408d7389b48fd6a68086

PODFILE CHECKSUM: e7e79abacce209bf874d7540e4343fd8110c299c

COCOAPODS: 1.10.1
