PODS:
  - Smart-Core-SDK (7.0.0)
  - Smart-Instream-SDK (7.0.0):
    - Smart-Core-SDK (~> 7.0)

DEPENDENCIES:
  - Smart-Instream-SDK (= 7.0.0)

SPEC REPOS:
  https://github.com/cocoapods/specs.git:
    - Smart-Core-SDK
    - Smart-Instream-SDK

SPEC CHECKSUMS:
  Smart-Core-SDK: 6f3f94b2d3341fb9e77df951cbfb78ac37d9613e
  Smart-Instream-SDK: 65b86857c0491c8b4953d6fc07fc4fbfbf06718b

PODFILE CHECKSUM: e0cadd84a228c011febf33466fbbf3068eb05d37

COCOAPODS: 1.5.3
