PODS:
  - Brightcove-Player-Core (6.8.1)
  - Smart-Core-SDK (7.11.0)
  - Smart-Instream-SDK (7.11.0):
    - Smart-Core-SDK (~> 7.11)

DEPENDENCIES:
  - Brightcove-Player-Core (= 6.8.1)
  - Smart-Instream-SDK (= 7.11.0)

SPEC REPOS:
  https://github.com/brightcove/BrightcoveSpecs.git:
    - Brightcove-Player-Core
  https://github.com/CocoaPods/Specs.git:
    - Smart-Core-SDK
    - Smart-Instream-SDK

SPEC CHECKSUMS:
  Brightcove-Player-Core: 390da8729b88c2ce4a8453343f2e006f0ba91cb6
  Smart-Core-SDK: 71d1c27d7a177432bd61db1b30426917bf1c9c21
  Smart-Instream-SDK: 08e21ccd5d79ec890696408d7389b48fd6a68086

PODFILE CHECKSUM: d845ebb6ae2f463979aa2a74b64a56738367b833

COCOAPODS: 1.10.1
