PODS:
  - Brightcove-Player-Core/XCFramework (6.10.2)
  - Smart-Instream-SDK (7.23.0)

DEPENDENCIES:
  - Brightcove-Player-Core/XCFramework (= 6.10.2)
  - Smart-Instream-SDK (~> 7.23.0)

SPEC REPOS:
  https://github.com/brightcove/BrightcoveSpecs.git:
    - Brightcove-Player-Core
  https://github.com/CocoaPods/Specs.git:
    - Smart-Instream-SDK

SPEC CHECKSUMS:
  Brightcove-Player-Core: 207189ebef308f851425fda360a149f632accf53
  Smart-Instream-SDK: 31a62d1a0c5ed99f3f648f72836ea7f4fff01e25

PODFILE CHECKSUM: b330c76638e1e76bf856385176b1874a1bcba545

COCOAPODS: 1.12.1
