// !$*UTF8*$!
{
	archiveVersion = 1;
	classes = {
	};
	objectVersion = 48;
	objects = {

/* Begin PBXBuildFile section */
		A04A5E616F2FEF284237B877 /* Pods_SVSAVPlayerSample.framework in Frameworks */ = {isa = PBXBuildFile; fileRef = A0D84AA86E1C5BC92C6E0279 /* Pods_SVSAVPlayerSample.framework */; };
		E40B9266200F9B7800F8C7F4 /* AppDelegate.m in Sources */ = {isa = PBXBuildFile; fileRef = E40B9265200F9B7800F8C7F4 /* AppDelegate.m */; };
		E40B9269200F9B7800F8C7F4 /* ViewController.m in Sources */ = {isa = PBXBuildFile; fileRef = E40B9268200F9B7800F8C7F4 /* ViewController.m */; };
		E40B926C200F9B7800F8C7F4 /* Main.storyboard in Resources */ = {isa = PBXBuildFile; fileRef = E40B926A200F9B7800F8C7F4 /* Main.storyboard */; };
		E40B926E200F9B7800F8C7F4 /* Assets.xcassets in Resources */ = {isa = PBXBuildFile; fileRef = E40B926D200F9B7800F8C7F4 /* Assets.xcassets */; };
		E40B9271200F9B7800F8C7F4 /* LaunchScreen.storyboard in Resources */ = {isa = PBXBuildFile; fileRef = E40B926F200F9B7800F8C7F4 /* LaunchScreen.storyboard */; };
		E40B9274200F9B7800F8C7F4 /* main.m in Sources */ = {isa = PBXBuildFile; fileRef = E40B9273200F9B7800F8C7F4 /* main.m */; };
		E40B9285200FA7EF00F8C7F4 /* VideoContainerView.m in Sources */ = {isa = PBXBuildFile; fileRef = E40B9284200FA7EF00F8C7F4 /* VideoContainerView.m */; };
		E4D9C99F2017811E00529B33 /* PlayerManager.m in Sources */ = {isa = PBXBuildFile; fileRef = E4D9C99E2017811E00529B33 /* PlayerManager.m */; };
/* End PBXBuildFile section */

/* Begin PBXCopyFilesBuildPhase section */
		E40B9282200F9BA600F8C7F4 /* Embed Frameworks */ = {
			isa = PBXCopyFilesBuildPhase;
			buildActionMask = 2147483647;
			dstPath = "";
			dstSubfolderSpec = 10;
			files = (
			);
			name = "Embed Frameworks";
			runOnlyForDeploymentPostprocessing = 0;
		};
/* End PBXCopyFilesBuildPhase section */

/* Begin PBXFileReference section */
		0F9DF470DD8B9C06A10AAB2F /* Pods-SVSAVPlayerSample.release.xcconfig */ = {isa = PBXFileReference; includeInIndex = 1; lastKnownFileType = text.xcconfig; name = "Pods-SVSAVPlayerSample.release.xcconfig"; path = "Pods/Target Support Files/Pods-SVSAVPlayerSample/Pods-SVSAVPlayerSample.release.xcconfig"; sourceTree = "<group>"; };
		4E9868D876AE752F860859B6 /* Pods-SVSAVPlayerSample.debug.xcconfig */ = {isa = PBXFileReference; includeInIndex = 1; lastKnownFileType = text.xcconfig; name = "Pods-SVSAVPlayerSample.debug.xcconfig"; path = "Pods/Target Support Files/Pods-SVSAVPlayerSample/Pods-SVSAVPlayerSample.debug.xcconfig"; sourceTree = "<group>"; };
		A0D84AA86E1C5BC92C6E0279 /* Pods_SVSAVPlayerSample.framework */ = {isa = PBXFileReference; explicitFileType = wrapper.framework; includeInIndex = 0; path = Pods_SVSAVPlayerSample.framework; sourceTree = BUILT_PRODUCTS_DIR; };
		E40B9261200F9B7800F8C7F4 /* SVSAVPlayerSample.app */ = {isa = PBXFileReference; explicitFileType = wrapper.application; includeInIndex = 0; path = SVSAVPlayerSample.app; sourceTree = BUILT_PRODUCTS_DIR; };
		E40B9264200F9B7800F8C7F4 /* AppDelegate.h */ = {isa = PBXFileReference; lastKnownFileType = sourcecode.c.h; path = AppDelegate.h; sourceTree = "<group>"; };
		E40B9265200F9B7800F8C7F4 /* AppDelegate.m */ = {isa = PBXFileReference; lastKnownFileType = sourcecode.c.objc; path = AppDelegate.m; sourceTree = "<group>"; };
		E40B9267200F9B7800F8C7F4 /* ViewController.h */ = {isa = PBXFileReference; lastKnownFileType = sourcecode.c.h; path = ViewController.h; sourceTree = "<group>"; };
		E40B9268200F9B7800F8C7F4 /* ViewController.m */ = {isa = PBXFileReference; lastKnownFileType = sourcecode.c.objc; path = ViewController.m; sourceTree = "<group>"; };
		E40B926B200F9B7800F8C7F4 /* Base */ = {isa = PBXFileReference; lastKnownFileType = file.storyboard; name = Base; path = Base.lproj/Main.storyboard; sourceTree = "<group>"; };
		E40B926D200F9B7800F8C7F4 /* Assets.xcassets */ = {isa = PBXFileReference; lastKnownFileType = folder.assetcatalog; path = Assets.xcassets; sourceTree = "<group>"; };
		E40B9270200F9B7800F8C7F4 /* Base */ = {isa = PBXFileReference; lastKnownFileType = file.storyboard; name = Base; path = Base.lproj/LaunchScreen.storyboard; sourceTree = "<group>"; };
		E40B9272200F9B7800F8C7F4 /* Info.plist */ = {isa = PBXFileReference; lastKnownFileType = text.plist.xml; path = Info.plist; sourceTree = "<group>"; };
		E40B9273200F9B7800F8C7F4 /* main.m */ = {isa = PBXFileReference; lastKnownFileType = sourcecode.c.objc; path = main.m; sourceTree = "<group>"; };
		E40B9283200FA7EF00F8C7F4 /* VideoContainerView.h */ = {isa = PBXFileReference; lastKnownFileType = sourcecode.c.h; path = VideoContainerView.h; sourceTree = "<group>"; };
		E40B9284200FA7EF00F8C7F4 /* VideoContainerView.m */ = {isa = PBXFileReference; lastKnownFileType = sourcecode.c.objc; path = VideoContainerView.m; sourceTree = "<group>"; };
		E4D9C99D2017811E00529B33 /* PlayerManager.h */ = {isa = PBXFileReference; lastKnownFileType = sourcecode.c.h; path = PlayerManager.h; sourceTree = "<group>"; };
		E4D9C99E2017811E00529B33 /* PlayerManager.m */ = {isa = PBXFileReference; lastKnownFileType = sourcecode.c.objc; path = PlayerManager.m; sourceTree = "<group>"; };
		E4D9C9A42018BED700529B33 /* Constants.h */ = {isa = PBXFileReference; lastKnownFileType = sourcecode.c.h; path = Constants.h; sourceTree = "<group>"; };
/* End PBXFileReference section */

/* Begin PBXFrameworksBuildPhase section */
		E40B925E200F9B7800F8C7F4 /* Frameworks */ = {
			isa = PBXFrameworksBuildPhase;
			buildActionMask = 2147483647;
			files = (
				A04A5E616F2FEF284237B877 /* Pods_SVSAVPlayerSample.framework in Frameworks */,
			);
			runOnlyForDeploymentPostprocessing = 0;
		};
/* End PBXFrameworksBuildPhase section */

/* Begin PBXGroup section */
		367B39276D36D64C3A5B5E0F /* Frameworks */ = {
			isa = PBXGroup;
			children = (
				A0D84AA86E1C5BC92C6E0279 /* Pods_SVSAVPlayerSample.framework */,
			);
			name = Frameworks;
			sourceTree = "<group>";
		};
		E40B9258200F9B7800F8C7F4 = {
			isa = PBXGroup;
			children = (
				E40B9263200F9B7800F8C7F4 /* SVSAVPlayerSample */,
				E40B9262200F9B7800F8C7F4 /* Products */,
				FD88C8CCD86BD42E57D019ED /* Pods */,
				367B39276D36D64C3A5B5E0F /* Frameworks */,
			);
			sourceTree = "<group>";
		};
		E40B9262200F9B7800F8C7F4 /* Products */ = {
			isa = PBXGroup;
			children = (
				E40B9261200F9B7800F8C7F4 /* SVSAVPlayerSample.app */,
			);
			name = Products;
			sourceTree = "<group>";
		};
		E40B9263200F9B7800F8C7F4 /* SVSAVPlayerSample */ = {
			isa = PBXGroup;
			children = (
				E40B9264200F9B7800F8C7F4 /* AppDelegate.h */,
				E40B9265200F9B7800F8C7F4 /* AppDelegate.m */,
				E4D9C9A42018BED700529B33 /* Constants.h */,
				E40B9267200F9B7800F8C7F4 /* ViewController.h */,
				E40B9268200F9B7800F8C7F4 /* ViewController.m */,
				E946F637201A10A200533C9A /* Player */,
				E40B926A200F9B7800F8C7F4 /* Main.storyboard */,
				E40B926D200F9B7800F8C7F4 /* Assets.xcassets */,
				E40B926F200F9B7800F8C7F4 /* LaunchScreen.storyboard */,
				E40B9272200F9B7800F8C7F4 /* Info.plist */,
				E40B9273200F9B7800F8C7F4 /* main.m */,
			);
			path = SVSAVPlayerSample;
			sourceTree = "<group>";
		};
		E946F637201A10A200533C9A /* Player */ = {
			isa = PBXGroup;
			children = (
				E4D9C99D2017811E00529B33 /* PlayerManager.h */,
				E4D9C99E2017811E00529B33 /* PlayerManager.m */,
				E40B9283200FA7EF00F8C7F4 /* VideoContainerView.h */,
				E40B9284200FA7EF00F8C7F4 /* VideoContainerView.m */,
			);
			name = Player;
			sourceTree = "<group>";
		};
		FD88C8CCD86BD42E57D019ED /* Pods */ = {
			isa = PBXGroup;
			children = (
				4E9868D876AE752F860859B6 /* Pods-SVSAVPlayerSample.debug.xcconfig */,
				0F9DF470DD8B9C06A10AAB2F /* Pods-SVSAVPlayerSample.release.xcconfig */,
			);
			name = Pods;
			sourceTree = "<group>";
		};
/* End PBXGroup section */

/* Begin PBXNativeTarget section */
		E40B9260200F9B7800F8C7F4 /* SVSAVPlayerSample */ = {
			isa = PBXNativeTarget;
			buildConfigurationList = E40B9277200F9B7800F8C7F4 /* Build configuration list for PBXNativeTarget "SVSAVPlayerSample" */;
			buildPhases = (
				6CB9A320DC36C7BCEFF32A87 /* [CP] Check Pods Manifest.lock */,
				E40B925D200F9B7800F8C7F4 /* Sources */,
				E40B925E200F9B7800F8C7F4 /* Frameworks */,
				E40B925F200F9B7800F8C7F4 /* Resources */,
				E40B9282200F9BA600F8C7F4 /* Embed Frameworks */,
				B16D2EFE45172E539B4D64C4 /* [CP] Embed Pods Frameworks */,
			);
			buildRules = (
			);
			dependencies = (
			);
			name = SVSAVPlayerSample;
			productName = SVSAVPlayerSample;
			productReference = E40B9261200F9B7800F8C7F4 /* SVSAVPlayerSample.app */;
			productType = "com.apple.product-type.application";
		};
/* End PBXNativeTarget section */

/* Begin PBXProject section */
		E40B9259200F9B7800F8C7F4 /* Project object */ = {
			isa = PBXProject;
			attributes = {
				LastUpgradeCheck = 0920;
				ORGANIZATIONNAME = "Smart AdServer";
				TargetAttributes = {
					E40B9260200F9B7800F8C7F4 = {
						CreatedOnToolsVersion = 9.2;
						ProvisioningStyle = Automatic;
					};
				};
			};
			buildConfigurationList = E40B925C200F9B7800F8C7F4 /* Build configuration list for PBXProject "SVSAVPlayerSample" */;
			compatibilityVersion = "Xcode 8.0";
			developmentRegion = en;
			hasScannedForEncodings = 0;
			knownRegions = (
				en,
				Base,
			);
			mainGroup = E40B9258200F9B7800F8C7F4;
			productRefGroup = E40B9262200F9B7800F8C7F4 /* Products */;
			projectDirPath = "";
			projectRoot = "";
			targets = (
				E40B9260200F9B7800F8C7F4 /* SVSAVPlayerSample */,
			);
		};
/* End PBXProject section */

/* Begin PBXResourcesBuildPhase section */
		E40B925F200F9B7800F8C7F4 /* Resources */ = {
			isa = PBXResourcesBuildPhase;
			buildActionMask = 2147483647;
			files = (
				E40B9271200F9B7800F8C7F4 /* LaunchScreen.storyboard in Resources */,
				E40B926E200F9B7800F8C7F4 /* Assets.xcassets in Resources */,
				E40B926C200F9B7800F8C7F4 /* Main.storyboard in Resources */,
			);
			runOnlyForDeploymentPostprocessing = 0;
		};
/* End PBXResourcesBuildPhase section */

/* Begin PBXShellScriptBuildPhase section */
		6CB9A320DC36C7BCEFF32A87 /* [CP] Check Pods Manifest.lock */ = {
			isa = PBXShellScriptBuildPhase;
			buildActionMask = 2147483647;
			files = (
			);
			inputPaths = (
				"${PODS_PODFILE_DIR_PATH}/Podfile.lock",
				"${PODS_ROOT}/Manifest.lock",
			);
			name = "[CP] Check Pods Manifest.lock";
			outputPaths = (
				"$(DERIVED_FILE_DIR)/Pods-SVSAVPlayerSample-checkManifestLockResult.txt",
			);
			runOnlyForDeploymentPostprocessing = 0;
			shellPath = /bin/sh;
			shellScript = "diff \"${PODS_PODFILE_DIR_PATH}/Podfile.lock\" \"${PODS_ROOT}/Manifest.lock\" > /dev/null\nif [ $? != 0 ] ; then\n    # print error to STDERR\n    echo \"error: The sandbox is not in sync with the Podfile.lock. Run 'pod install' or update your CocoaPods installation.\" >&2\n    exit 1\nfi\n# This output is used by Xcode 'outputs' to avoid re-running this script phase.\necho \"SUCCESS\" > \"${SCRIPT_OUTPUT_FILE_0}\"\n";
			showEnvVarsInLog = 0;
		};
		B16D2EFE45172E539B4D64C4 /* [CP] Embed Pods Frameworks */ = {
			isa = PBXShellScriptBuildPhase;
			buildActionMask = 2147483647;
			files = (
			);
			inputPaths = (
				"${PODS_ROOT}/Target Support Files/Pods-SVSAVPlayerSample/Pods-SVSAVPlayerSample-frameworks.sh",
				"${PODS_XCFRAMEWORKS_BUILD_DIR}/SCSCoreKit/SCSCoreKit.framework/SCSCoreKit",
				"${PODS_XCFRAMEWORKS_BUILD_DIR}/SVSVideoKit/SVSVideoKit.framework/SVSVideoKit",
			);
			name = "[CP] Embed Pods Frameworks";
			outputPaths = (
				"${TARGET_BUILD_DIR}/${FRAMEWORKS_FOLDER_PATH}/SCSCoreKit.framework",
				"${TARGET_BUILD_DIR}/${FRAMEWORKS_FOLDER_PATH}/SVSVideoKit.framework",
			);
			runOnlyForDeploymentPostprocessing = 0;
			shellPath = /bin/sh;
			shellScript = "\"${PODS_ROOT}/Target Support Files/Pods-SVSAVPlayerSample/Pods-SVSAVPlayerSample-frameworks.sh\"\n";
			showEnvVarsInLog = 0;
		};
/* End PBXShellScriptBuildPhase section */

/* Begin PBXSourcesBuildPhase section */
		E40B925D200F9B7800F8C7F4 /* Sources */ = {
			isa = PBXSourcesBuildPhase;
			buildActionMask = 2147483647;
			files = (
				E40B9285200FA7EF00F8C7F4 /* VideoContainerView.m in Sources */,
				E40B9269200F9B7800F8C7F4 /* ViewController.m in Sources */,
				E40B9274200F9B7800F8C7F4 /* main.m in Sources */,
				E4D9C99F2017811E00529B33 /* PlayerManager.m in Sources */,
				E40B9266200F9B7800F8C7F4 /* AppDelegate.m in Sources */,
			);
			runOnlyForDeploymentPostprocessing = 0;
		};
/* End PBXSourcesBuildPhase section */

/* Begin PBXVariantGroup section */
		E40B926A200F9B7800F8C7F4 /* Main.storyboard */ = {
			isa = PBXVariantGroup;
			children = (
				E40B926B200F9B7800F8C7F4 /* Base */,
			);
			name = Main.storyboard;
			sourceTree = "<group>";
		};
		E40B926F200F9B7800F8C7F4 /* LaunchScreen.storyboard */ = {
			isa = PBXVariantGroup;
			children = (
				E40B9270200F9B7800F8C7F4 /* Base */,
			);
			name = LaunchScreen.storyboard;
			sourceTree = "<group>";
		};
/* End PBXVariantGroup section */

/* Begin XCBuildConfiguration section */
		E40B9275200F9B7800F8C7F4 /* Debug */ = {
			isa = XCBuildConfiguration;
			buildSettings = {
				ALWAYS_SEARCH_USER_PATHS = NO;
				CLANG_ANALYZER_NONNULL = YES;
				CLANG_ANALYZER_NUMBER_OBJECT_CONVERSION = YES_AGGRESSIVE;
				CLANG_CXX_LANGUAGE_STANDARD = "gnu++14";
				CLANG_CXX_LIBRARY = "libc++";
				CLANG_ENABLE_MODULES = YES;
				CLANG_ENABLE_OBJC_ARC = YES;
				CLANG_WARN_BLOCK_CAPTURE_AUTORELEASING = YES;
				CLANG_WARN_BOOL_CONVERSION = YES;
				CLANG_WARN_COMMA = YES;
				CLANG_WARN_CONSTANT_CONVERSION = YES;
				CLANG_WARN_DIRECT_OBJC_ISA_USAGE = YES_ERROR;
				CLANG_WARN_DOCUMENTATION_COMMENTS = YES;
				CLANG_WARN_EMPTY_BODY = YES;
				CLANG_WARN_ENUM_CONVERSION = YES;
				CLANG_WARN_INFINITE_RECURSION = YES;
				CLANG_WARN_INT_CONVERSION = YES;
				CLANG_WARN_NON_LITERAL_NULL_CONVERSION = YES;
				CLANG_WARN_OBJC_LITERAL_CONVERSION = YES;
				CLANG_WARN_OBJC_ROOT_CLASS = YES_ERROR;
				CLANG_WARN_RANGE_LOOP_ANALYSIS = YES;
				CLANG_WARN_STRICT_PROTOTYPES = YES;
				CLANG_WARN_SUSPICIOUS_MOVE = YES;
				CLANG_WARN_UNGUARDED_AVAILABILITY = YES_AGGRESSIVE;
				CLANG_WARN_UNREACHABLE_CODE = YES;
				CLANG_WARN__DUPLICATE_METHOD_MATCH = YES;
				CODE_SIGN_IDENTITY = "iPhone Developer";
				COPY_PHASE_STRIP = NO;
				DEBUG_INFORMATION_FORMAT = dwarf;
				ENABLE_STRICT_OBJC_MSGSEND = YES;
				ENABLE_TESTABILITY = YES;
				GCC_C_LANGUAGE_STANDARD = gnu11;
				GCC_DYNAMIC_NO_PIC = NO;
				GCC_NO_COMMON_BLOCKS = YES;
				GCC_OPTIMIZATION_LEVEL = 0;
				GCC_PREPROCESSOR_DEFINITIONS = (
					"DEBUG=1",
					"$(inherited)",
				);
				GCC_WARN_64_TO_32_BIT_CONVERSION = YES;
				GCC_WARN_ABOUT_RETURN_TYPE = YES_ERROR;
				GCC_WARN_UNDECLARED_SELECTOR = YES;
				GCC_WARN_UNINITIALIZED_AUTOS = YES_AGGRESSIVE;
				GCC_WARN_UNUSED_FUNCTION = YES;
				GCC_WARN_UNUSED_VARIABLE = YES;
				IPHONEOS_DEPLOYMENT_TARGET = 11.2;
				MTL_ENABLE_DEBUG_INFO = YES;
				ONLY_ACTIVE_ARCH = YES;
				SDKROOT = iphoneos;
			};
			name = Debug;
		};
		E40B9276200F9B7800F8C7F4 /* Release */ = {
			isa = XCBuildConfiguration;
			buildSettings = {
				ALWAYS_SEARCH_USER_PATHS = NO;
				CLANG_ANALYZER_NONNULL = YES;
				CLANG_ANALYZER_NUMBER_OBJECT_CONVERSION = YES_AGGRESSIVE;
				CLANG_CXX_LANGUAGE_STANDARD = "gnu++14";
				CLANG_CXX_LIBRARY = "libc++";
				CLANG_ENABLE_MODULES = YES;
				CLANG_ENABLE_OBJC_ARC = YES;
				CLANG_WARN_BLOCK_CAPTURE_AUTORELEASING = YES;
				CLANG_WARN_BOOL_CONVERSION = YES;
				CLANG_WARN_COMMA = YES;
				CLANG_WARN_CONSTANT_CONVERSION = YES;
				CLANG_WARN_DIRECT_OBJC_ISA_USAGE = YES_ERROR;
				CLANG_WARN_DOCUMENTATION_COMMENTS = YES;
				CLANG_WARN_EMPTY_BODY = YES;
				CLANG_WARN_ENUM_CONVERSION = YES;
				CLANG_WARN_INFINITE_RECURSION = YES;
				CLANG_WARN_INT_CONVERSION = YES;
				CLANG_WARN_NON_LITERAL_NULL_CONVERSION = YES;
				CLANG_WARN_OBJC_LITERAL_CONVERSION = YES;
				CLANG_WARN_OBJC_ROOT_CLASS = YES_ERROR;
				CLANG_WARN_RANGE_LOOP_ANALYSIS = YES;
				CLANG_WARN_STRICT_PROTOTYPES = YES;
				CLANG_WARN_SUSPICIOUS_MOVE = YES;
				CLANG_WARN_UNGUARDED_AVAILABILITY = YES_AGGRESSIVE;
				CLANG_WARN_UNREACHABLE_CODE = YES;
				CLANG_WARN__DUPLICATE_METHOD_MATCH = YES;
				CODE_SIGN_IDENTITY = "iPhone Developer";
				COPY_PHASE_STRIP = NO;
				DEBUG_INFORMATION_FORMAT = "dwarf-with-dsym";
				ENABLE_NS_ASSERTIONS = NO;
				ENABLE_STRICT_OBJC_MSGSEND = YES;
				GCC_C_LANGUAGE_STANDARD = gnu11;
				GCC_NO_COMMON_BLOCKS = YES;
				GCC_WARN_64_TO_32_BIT_CONVERSION = YES;
				GCC_WARN_ABOUT_RETURN_TYPE = YES_ERROR;
				GCC_WARN_UNDECLARED_SELECTOR = YES;
				GCC_WARN_UNINITIALIZED_AUTOS = YES_AGGRESSIVE;
				GCC_WARN_UNUSED_FUNCTION = YES;
				GCC_WARN_UNUSED_VARIABLE = YES;
				IPHONEOS_DEPLOYMENT_TARGET = 11.2;
				MTL_ENABLE_DEBUG_INFO = NO;
				SDKROOT = iphoneos;
				VALIDATE_PRODUCT = YES;
			};
			name = Release;
		};
		E40B9278200F9B7800F8C7F4 /* Debug */ = {
			isa = XCBuildConfiguration;
			baseConfigurationReference = 4E9868D876AE752F860859B6 /* Pods-SVSAVPlayerSample.debug.xcconfig */;
			buildSettings = {
				ASSETCATALOG_COMPILER_APPICON_NAME = AppIcon;
				CODE_SIGN_STYLE = Automatic;
				DEVELOPMENT_TEAM = Q54572X2VB;
				FRAMEWORK_SEARCH_PATHS = "$inherited";
				INFOPLIST_FILE = SVSAVPlayerSample/Info.plist;
				IPHONEOS_DEPLOYMENT_TARGET = 10.0;
				LD_RUNPATH_SEARCH_PATHS = "$(inherited) @executable_path/Frameworks";
				PRODUCT_BUNDLE_IDENTIFIER = com.smartadserver.SVSAVPlayerSample;
				PRODUCT_NAME = "$(TARGET_NAME)";
				TARGETED_DEVICE_FAMILY = "1,2";
			};
			name = Debug;
		};
		E40B9279200F9B7800F8C7F4 /* Release */ = {
			isa = XCBuildConfiguration;
			baseConfigurationReference = 0F9DF470DD8B9C06A10AAB2F /* Pods-SVSAVPlayerSample.release.xcconfig */;
			buildSettings = {
				ASSETCATALOG_COMPILER_APPICON_NAME = AppIcon;
				CODE_SIGN_STYLE = Automatic;
				DEVELOPMENT_TEAM = Q54572X2VB;
				FRAMEWORK_SEARCH_PATHS = "$inherited";
				INFOPLIST_FILE = SVSAVPlayerSample/Info.plist;
				IPHONEOS_DEPLOYMENT_TARGET = 10.0;
				LD_RUNPATH_SEARCH_PATHS = "$(inherited) @executable_path/Frameworks";
				PRODUCT_BUNDLE_IDENTIFIER = com.smartadserver.SVSAVPlayerSample;
				PRODUCT_NAME = "$(TARGET_NAME)";
				TARGETED_DEVICE_FAMILY = "1,2";
			};
			name = Release;
		};
/* End XCBuildConfiguration section */

/* Begin XCConfigurationList section */
		E40B925C200F9B7800F8C7F4 /* Build configuration list for PBXProject "SVSAVPlayerSample" */ = {
			isa = XCConfigurationList;
			buildConfigurations = (
				E40B9275200F9B7800F8C7F4 /* Debug */,
				E40B9276200F9B7800F8C7F4 /* Release */,
			);
			defaultConfigurationIsVisible = 0;
			defaultConfigurationName = Release;
		};
		E40B9277200F9B7800F8C7F4 /* Build configuration list for PBXNativeTarget "SVSAVPlayerSample" */ = {
			isa = XCConfigurationList;
			buildConfigurations = (
				E40B9278200F9B7800F8C7F4 /* Debug */,
				E40B9279200F9B7800F8C7F4 /* Release */,
			);
			defaultConfigurationIsVisible = 0;
			defaultConfigurationName = Release;
		};
/* End XCConfigurationList section */
	};
	rootObject = E40B9259200F9B7800F8C7F4 /* Project object */;
}
