PODS:
  - Smart-Instream-SDK (7.23.2)

DEPENDENCIES:
  - Smart-Instream-SDK (~> 7.23.2)

SPEC REPOS:
  https://github.com/CocoaPods/Specs.git:
    - Smart-Instream-SDK

SPEC CHECKSUMS:
  Smart-Instream-SDK: 18187011ef16225ed227ec5cc800c48ae4873224

PODFILE CHECKSUM: 4d864acebd988fd99714d485e9a9912dfb42e9de

COCOAPODS: 1.12.1
