PODS:
  - Smart-Core-SDK (7.1.0)
  - Smart-Instream-SDK (7.0.0):
    - Smart-Core-SDK (~> 7.0)

DEPENDENCIES:
  - Smart-Instream-SDK (= 7.0.0)

SPEC REPOS:
  https://github.com/cocoapods/specs.git:
    - Smart-Core-SDK
    - Smart-Instream-SDK

SPEC CHECKSUMS:
  Smart-Core-SDK: 23ecc9d692980092ca0f6ecb81eb2c9fc1a97e6e
  Smart-Instream-SDK: 65b86857c0491c8b4953d6fc07fc4fbfbf06718b

PODFILE CHECKSUM: 65028529f8064a4f019f8129b7f381a6a102e8ca

COCOAPODS: 1.7.5
