PODS:
  - Smart-Instream-SDK (7.23.0)

DEPENDENCIES:
  - Smart-Instream-SDK (~> 7.23.0)

SPEC REPOS:
  https://github.com/CocoaPods/Specs.git:
    - Smart-Instream-SDK

SPEC CHECKSUMS:
  Smart-Instream-SDK: 31a62d1a0c5ed99f3f648f72836ea7f4fff01e25

PODFILE CHECKSUM: a11ce1d6648e7960adee2782225036bdb6d4d198

COCOAPODS: 1.12.1
