// !$*UTF8*$!
{
	archiveVersion = 1;
	classes = {
	};
	objectVersion = 50;
	objects = {

/* Begin PBXBuildFile section */
		C906B4C7B3FF39356FBDCBBA /* libPods-SVSTVSample.a in Frameworks */ = {isa = PBXBuildFile; fileRef = C47236BAF1C69E2DEBC01503 /* libPods-SVSTVSample.a */; };
		E93C4E1E207B92280022598B /* AppDelegate.m in Sources */ = {isa = PBXBuildFile; fileRef = E93C4E1D207B92280022598B /* AppDelegate.m */; };
		E93C4E21207B92280022598B /* ViewController.m in Sources */ = {isa = PBXBuildFile; fileRef = E93C4E20207B92280022598B /* ViewController.m */; };
		E93C4E24207B92280022598B /* Main.storyboard in Resources */ = {isa = PBXBuildFile; fileRef = E93C4E22207B92280022598B /* Main.storyboard */; };
		E93C4E26207B92290022598B /* Assets.xcassets in Resources */ = {isa = PBXBuildFile; fileRef = E93C4E25207B92290022598B /* Assets.xcassets */; };
		E93C4E29207B92290022598B /* main.m in Sources */ = {isa = PBXBuildFile; fileRef = E93C4E28207B92290022598B /* main.m */; };
		E93C4E37207B92FC0022598B /* PlayerViewController.m in Sources */ = {isa = PBXBuildFile; fileRef = E93C4E36207B92FC0022598B /* PlayerViewController.m */; };
/* End PBXBuildFile section */

/* Begin PBXCopyFilesBuildPhase section */
		E93C4E3A207BA5130022598B /* Embed Frameworks */ = {
			isa = PBXCopyFilesBuildPhase;
			buildActionMask = 2147483647;
			dstPath = "";
			dstSubfolderSpec = 10;
			files = (
			);
			name = "Embed Frameworks";
			runOnlyForDeploymentPostprocessing = 0;
		};
/* End PBXCopyFilesBuildPhase section */

/* Begin PBXFileReference section */
		5658B7B9527876CDB23128AC /* Pods-SVSTVSample.release.xcconfig */ = {isa = PBXFileReference; includeInIndex = 1; lastKnownFileType = text.xcconfig; name = "Pods-SVSTVSample.release.xcconfig"; path = "Pods/Target Support Files/Pods-SVSTVSample/Pods-SVSTVSample.release.xcconfig"; sourceTree = "<group>"; };
		B94FD06A485079281283F7A1 /* Pods-SVSTVSample.debug.xcconfig */ = {isa = PBXFileReference; includeInIndex = 1; lastKnownFileType = text.xcconfig; name = "Pods-SVSTVSample.debug.xcconfig"; path = "Pods/Target Support Files/Pods-SVSTVSample/Pods-SVSTVSample.debug.xcconfig"; sourceTree = "<group>"; };
		C47236BAF1C69E2DEBC01503 /* libPods-SVSTVSample.a */ = {isa = PBXFileReference; explicitFileType = archive.ar; includeInIndex = 0; path = "libPods-SVSTVSample.a"; sourceTree = BUILT_PRODUCTS_DIR; };
		E93C4E19207B92280022598B /* SVSTVSample.app */ = {isa = PBXFileReference; explicitFileType = wrapper.application; includeInIndex = 0; path = SVSTVSample.app; sourceTree = BUILT_PRODUCTS_DIR; };
		E93C4E1C207B92280022598B /* AppDelegate.h */ = {isa = PBXFileReference; lastKnownFileType = sourcecode.c.h; path = AppDelegate.h; sourceTree = "<group>"; };
		E93C4E1D207B92280022598B /* AppDelegate.m */ = {isa = PBXFileReference; lastKnownFileType = sourcecode.c.objc; path = AppDelegate.m; sourceTree = "<group>"; };
		E93C4E1F207B92280022598B /* ViewController.h */ = {isa = PBXFileReference; lastKnownFileType = sourcecode.c.h; path = ViewController.h; sourceTree = "<group>"; };
		E93C4E20207B92280022598B /* ViewController.m */ = {isa = PBXFileReference; lastKnownFileType = sourcecode.c.objc; path = ViewController.m; sourceTree = "<group>"; };
		E93C4E23207B92280022598B /* Base */ = {isa = PBXFileReference; lastKnownFileType = file.storyboard; name = Base; path = Base.lproj/Main.storyboard; sourceTree = "<group>"; };
		E93C4E25207B92290022598B /* Assets.xcassets */ = {isa = PBXFileReference; lastKnownFileType = folder.assetcatalog; path = Assets.xcassets; sourceTree = "<group>"; };
		E93C4E27207B92290022598B /* Info.plist */ = {isa = PBXFileReference; lastKnownFileType = text.plist.xml; path = Info.plist; sourceTree = "<group>"; };
		E93C4E28207B92290022598B /* main.m */ = {isa = PBXFileReference; lastKnownFileType = sourcecode.c.objc; path = main.m; sourceTree = "<group>"; };
		E93C4E33207B92B10022598B /* Constants.h */ = {isa = PBXFileReference; lastKnownFileType = sourcecode.c.h; path = Constants.h; sourceTree = "<group>"; };
		E93C4E35207B92FC0022598B /* PlayerViewController.h */ = {isa = PBXFileReference; fileEncoding = 4; lastKnownFileType = sourcecode.c.h; path = PlayerViewController.h; sourceTree = "<group>"; };
		E93C4E36207B92FC0022598B /* PlayerViewController.m */ = {isa = PBXFileReference; fileEncoding = 4; lastKnownFileType = sourcecode.c.objc; path = PlayerViewController.m; sourceTree = "<group>"; };
/* End PBXFileReference section */

/* Begin PBXFrameworksBuildPhase section */
		E93C4E16207B92280022598B /* Frameworks */ = {
			isa = PBXFrameworksBuildPhase;
			buildActionMask = 2147483647;
			files = (
				C906B4C7B3FF39356FBDCBBA /* libPods-SVSTVSample.a in Frameworks */,
			);
			runOnlyForDeploymentPostprocessing = 0;
		};
/* End PBXFrameworksBuildPhase section */

/* Begin PBXGroup section */
		23B3D67409D995F5FA9A2987 /* Frameworks */ = {
			isa = PBXGroup;
			children = (
				C47236BAF1C69E2DEBC01503 /* libPods-SVSTVSample.a */,
			);
			name = Frameworks;
			sourceTree = "<group>";
		};
		57947BF096A004E9152A8001 /* Pods */ = {
			isa = PBXGroup;
			children = (
				B94FD06A485079281283F7A1 /* Pods-SVSTVSample.debug.xcconfig */,
				5658B7B9527876CDB23128AC /* Pods-SVSTVSample.release.xcconfig */,
			);
			name = Pods;
			sourceTree = "<group>";
		};
		E93C4E10207B92280022598B = {
			isa = PBXGroup;
			children = (
				E93C4E1B207B92280022598B /* SVSTVSample */,
				E93C4E1A207B92280022598B /* Products */,
				57947BF096A004E9152A8001 /* Pods */,
				23B3D67409D995F5FA9A2987 /* Frameworks */,
			);
			sourceTree = "<group>";
		};
		E93C4E1A207B92280022598B /* Products */ = {
			isa = PBXGroup;
			children = (
				E93C4E19207B92280022598B /* SVSTVSample.app */,
			);
			name = Products;
			sourceTree = "<group>";
		};
		E93C4E1B207B92280022598B /* SVSTVSample */ = {
			isa = PBXGroup;
			children = (
				E93C4E33207B92B10022598B /* Constants.h */,
				E93C4E1C207B92280022598B /* AppDelegate.h */,
				E93C4E1D207B92280022598B /* AppDelegate.m */,
				E93C4E1F207B92280022598B /* ViewController.h */,
				E93C4E20207B92280022598B /* ViewController.m */,
				E93C4E34207B92FC0022598B /* Player */,
				E93C4E22207B92280022598B /* Main.storyboard */,
				E93C4E25207B92290022598B /* Assets.xcassets */,
				E93C4E27207B92290022598B /* Info.plist */,
				E93C4E28207B92290022598B /* main.m */,
			);
			path = SVSTVSample;
			sourceTree = "<group>";
		};
		E93C4E34207B92FC0022598B /* Player */ = {
			isa = PBXGroup;
			children = (
				E93C4E35207B92FC0022598B /* PlayerViewController.h */,
				E93C4E36207B92FC0022598B /* PlayerViewController.m */,
			);
			path = Player;
			sourceTree = "<group>";
		};
/* End PBXGroup section */

/* Begin PBXNativeTarget section */
		E93C4E18207B92280022598B /* SVSTVSample */ = {
			isa = PBXNativeTarget;
			buildConfigurationList = E93C4E2C207B92290022598B /* Build configuration list for PBXNativeTarget "SVSTVSample" */;
			buildPhases = (
				6F2F416E4DDD0E1AEDA75F0C /* [CP] Check Pods Manifest.lock */,
				E93C4E15207B92280022598B /* Sources */,
				E93C4E16207B92280022598B /* Frameworks */,
				E93C4E17207B92280022598B /* Resources */,
				E93C4E3A207BA5130022598B /* Embed Frameworks */,
				58249381AAEE7D37EFA9B9F6 /* [CP] Embed Pods Frameworks */,
			);
			buildRules = (
			);
			dependencies = (
			);
			name = SVSTVSample;
			productName = SVSTVSample;
			productReference = E93C4E19207B92280022598B /* SVSTVSample.app */;
			productType = "com.apple.product-type.application";
		};
/* End PBXNativeTarget section */

/* Begin PBXProject section */
		E93C4E11207B92280022598B /* Project object */ = {
			isa = PBXProject;
			attributes = {
				LastUpgradeCheck = 0930;
				ORGANIZATIONNAME = "Smart Adserver";
				TargetAttributes = {
					E93C4E18207B92280022598B = {
						CreatedOnToolsVersion = 9.3;
					};
				};
			};
			buildConfigurationList = E93C4E14207B92280022598B /* Build configuration list for PBXProject "SVSTVSample" */;
			compatibilityVersion = "Xcode 9.3";
			developmentRegion = en;
			hasScannedForEncodings = 0;
			knownRegions = (
				en,
				Base,
			);
			mainGroup = E93C4E10207B92280022598B;
			productRefGroup = E93C4E1A207B92280022598B /* Products */;
			projectDirPath = "";
			projectRoot = "";
			targets = (
				E93C4E18207B92280022598B /* SVSTVSample */,
			);
		};
/* End PBXProject section */

/* Begin PBXResourcesBuildPhase section */
		E93C4E17207B92280022598B /* Resources */ = {
			isa = PBXResourcesBuildPhase;
			buildActionMask = 2147483647;
			files = (
				E93C4E26207B92290022598B /* Assets.xcassets in Resources */,
				E93C4E24207B92280022598B /* Main.storyboard in Resources */,
			);
			runOnlyForDeploymentPostprocessing = 0;
		};
/* End PBXResourcesBuildPhase section */

/* Begin PBXShellScriptBuildPhase section */
		58249381AAEE7D37EFA9B9F6 /* [CP] Embed Pods Frameworks */ = {
			isa = PBXShellScriptBuildPhase;
			buildActionMask = 2147483647;
			files = (
			);
			inputFileListPaths = (
				"${PODS_ROOT}/Target Support Files/Pods-SVSTVSample/Pods-SVSTVSample-frameworks-${CONFIGURATION}-input-files.xcfilelist",
			);
			name = "[CP] Embed Pods Frameworks";
			outputFileListPaths = (
				"${PODS_ROOT}/Target Support Files/Pods-SVSTVSample/Pods-SVSTVSample-frameworks-${CONFIGURATION}-output-files.xcfilelist",
			);
			runOnlyForDeploymentPostprocessing = 0;
			shellPath = /bin/sh;
			shellScript = "\"${PODS_ROOT}/Target Support Files/Pods-SVSTVSample/Pods-SVSTVSample-frameworks.sh\"\n";
			showEnvVarsInLog = 0;
		};
		6F2F416E4DDD0E1AEDA75F0C /* [CP] Check Pods Manifest.lock */ = {
			isa = PBXShellScriptBuildPhase;
			buildActionMask = 2147483647;
			files = (
			);
			inputPaths = (
				"${PODS_PODFILE_DIR_PATH}/Podfile.lock",
				"${PODS_ROOT}/Manifest.lock",
			);
			name = "[CP] Check Pods Manifest.lock";
			outputPaths = (
				"$(DERIVED_FILE_DIR)/Pods-SVSTVSample-checkManifestLockResult.txt",
			);
			runOnlyForDeploymentPostprocessing = 0;
			shellPath = /bin/sh;
			shellScript = "diff \"${PODS_PODFILE_DIR_PATH}/Podfile.lock\" \"${PODS_ROOT}/Manifest.lock\" > /dev/null\nif [ $? != 0 ] ; then\n    # print error to STDERR\n    echo \"error: The sandbox is not in sync with the Podfile.lock. Run 'pod install' or update your CocoaPods installation.\" >&2\n    exit 1\nfi\n# This output is used by Xcode 'outputs' to avoid re-running this script phase.\necho \"SUCCESS\" > \"${SCRIPT_OUTPUT_FILE_0}\"\n";
			showEnvVarsInLog = 0;
		};
/* End PBXShellScriptBuildPhase section */

/* Begin PBXSourcesBuildPhase section */
		E93C4E15207B92280022598B /* Sources */ = {
			isa = PBXSourcesBuildPhase;
			buildActionMask = 2147483647;
			files = (
				E93C4E21207B92280022598B /* ViewController.m in Sources */,
				E93C4E37207B92FC0022598B /* PlayerViewController.m in Sources */,
				E93C4E29207B92290022598B /* main.m in Sources */,
				E93C4E1E207B92280022598B /* AppDelegate.m in Sources */,
			);
			runOnlyForDeploymentPostprocessing = 0;
		};
/* End PBXSourcesBuildPhase section */

/* Begin PBXVariantGroup section */
		E93C4E22207B92280022598B /* Main.storyboard */ = {
			isa = PBXVariantGroup;
			children = (
				E93C4E23207B92280022598B /* Base */,
			);
			name = Main.storyboard;
			sourceTree = "<group>";
		};
/* End PBXVariantGroup section */

/* Begin XCBuildConfiguration section */
		E93C4E2A207B92290022598B /* Debug */ = {
			isa = XCBuildConfiguration;
			buildSettings = {
				ALWAYS_SEARCH_USER_PATHS = NO;
				CLANG_ANALYZER_NONNULL = YES;
				CLANG_ANALYZER_NUMBER_OBJECT_CONVERSION = YES_AGGRESSIVE;
				CLANG_CXX_LANGUAGE_STANDARD = "gnu++14";
				CLANG_CXX_LIBRARY = "libc++";
				CLANG_ENABLE_MODULES = YES;
				CLANG_ENABLE_OBJC_ARC = YES;
				CLANG_ENABLE_OBJC_WEAK = YES;
				CLANG_WARN_BLOCK_CAPTURE_AUTORELEASING = YES;
				CLANG_WARN_BOOL_CONVERSION = YES;
				CLANG_WARN_COMMA = YES;
				CLANG_WARN_CONSTANT_CONVERSION = YES;
				CLANG_WARN_DEPRECATED_OBJC_IMPLEMENTATIONS = YES;
				CLANG_WARN_DIRECT_OBJC_ISA_USAGE = YES_ERROR;
				CLANG_WARN_DOCUMENTATION_COMMENTS = YES;
				CLANG_WARN_EMPTY_BODY = YES;
				CLANG_WARN_ENUM_CONVERSION = YES;
				CLANG_WARN_INFINITE_RECURSION = YES;
				CLANG_WARN_INT_CONVERSION = YES;
				CLANG_WARN_NON_LITERAL_NULL_CONVERSION = YES;
				CLANG_WARN_OBJC_IMPLICIT_RETAIN_SELF = YES;
				CLANG_WARN_OBJC_LITERAL_CONVERSION = YES;
				CLANG_WARN_OBJC_ROOT_CLASS = YES_ERROR;
				CLANG_WARN_RANGE_LOOP_ANALYSIS = YES;
				CLANG_WARN_STRICT_PROTOTYPES = YES;
				CLANG_WARN_SUSPICIOUS_MOVE = YES;
				CLANG_WARN_UNGUARDED_AVAILABILITY = YES_AGGRESSIVE;
				CLANG_WARN_UNREACHABLE_CODE = YES;
				CLANG_WARN__DUPLICATE_METHOD_MATCH = YES;
				COPY_PHASE_STRIP = NO;
				DEBUG_INFORMATION_FORMAT = dwarf;
				ENABLE_STRICT_OBJC_MSGSEND = YES;
				ENABLE_TESTABILITY = YES;
				GCC_C_LANGUAGE_STANDARD = gnu11;
				GCC_DYNAMIC_NO_PIC = NO;
				GCC_NO_COMMON_BLOCKS = YES;
				GCC_OPTIMIZATION_LEVEL = 0;
				GCC_PREPROCESSOR_DEFINITIONS = (
					"DEBUG=1",
					"$(inherited)",
				);
				GCC_WARN_64_TO_32_BIT_CONVERSION = YES;
				GCC_WARN_ABOUT_RETURN_TYPE = YES_ERROR;
				GCC_WARN_UNDECLARED_SELECTOR = YES;
				GCC_WARN_UNINITIALIZED_AUTOS = YES_AGGRESSIVE;
				GCC_WARN_UNUSED_FUNCTION = YES;
				GCC_WARN_UNUSED_VARIABLE = YES;
				MTL_ENABLE_DEBUG_INFO = YES;
				ONLY_ACTIVE_ARCH = YES;
				SDKROOT = appletvos;
				TVOS_DEPLOYMENT_TARGET = 11.3;
			};
			name = Debug;
		};
		E93C4E2B207B92290022598B /* Release */ = {
			isa = XCBuildConfiguration;
			buildSettings = {
				ALWAYS_SEARCH_USER_PATHS = NO;
				CLANG_ANALYZER_NONNULL = YES;
				CLANG_ANALYZER_NUMBER_OBJECT_CONVERSION = YES_AGGRESSIVE;
				CLANG_CXX_LANGUAGE_STANDARD = "gnu++14";
				CLANG_CXX_LIBRARY = "libc++";
				CLANG_ENABLE_MODULES = YES;
				CLANG_ENABLE_OBJC_ARC = YES;
				CLANG_ENABLE_OBJC_WEAK = YES;
				CLANG_WARN_BLOCK_CAPTURE_AUTORELEASING = YES;
				CLANG_WARN_BOOL_CONVERSION = YES;
				CLANG_WARN_COMMA = YES;
				CLANG_WARN_CONSTANT_CONVERSION = YES;
				CLANG_WARN_DEPRECATED_OBJC_IMPLEMENTATIONS = YES;
				CLANG_WARN_DIRECT_OBJC_ISA_USAGE = YES_ERROR;
				CLANG_WARN_DOCUMENTATION_COMMENTS = YES;
				CLANG_WARN_EMPTY_BODY = YES;
				CLANG_WARN_ENUM_CONVERSION = YES;
				CLANG_WARN_INFINITE_RECURSION = YES;
				CLANG_WARN_INT_CONVERSION = YES;
				CLANG_WARN_NON_LITERAL_NULL_CONVERSION = YES;
				CLANG_WARN_OBJC_IMPLICIT_RETAIN_SELF = YES;
				CLANG_WARN_OBJC_LITERAL_CONVERSION = YES;
				CLANG_WARN_OBJC_ROOT_CLASS = YES_ERROR;
				CLANG_WARN_RANGE_LOOP_ANALYSIS = YES;
				CLANG_WARN_STRICT_PROTOTYPES = YES;
				CLANG_WARN_SUSPICIOUS_MOVE = YES;
				CLANG_WARN_UNGUARDED_AVAILABILITY = YES_AGGRESSIVE;
				CLANG_WARN_UNREACHABLE_CODE = YES;
				CLANG_WARN__DUPLICATE_METHOD_MATCH = YES;
				COPY_PHASE_STRIP = NO;
				DEBUG_INFORMATION_FORMAT = "dwarf-with-dsym";
				ENABLE_NS_ASSERTIONS = NO;
				ENABLE_STRICT_OBJC_MSGSEND = YES;
				GCC_C_LANGUAGE_STANDARD = gnu11;
				GCC_NO_COMMON_BLOCKS = YES;
				GCC_WARN_64_TO_32_BIT_CONVERSION = YES;
				GCC_WARN_ABOUT_RETURN_TYPE = YES_ERROR;
				GCC_WARN_UNDECLARED_SELECTOR = YES;
				GCC_WARN_UNINITIALIZED_AUTOS = YES_AGGRESSIVE;
				GCC_WARN_UNUSED_FUNCTION = YES;
				GCC_WARN_UNUSED_VARIABLE = YES;
				MTL_ENABLE_DEBUG_INFO = NO;
				SDKROOT = appletvos;
				TVOS_DEPLOYMENT_TARGET = 11.3;
				VALIDATE_PRODUCT = YES;
			};
			name = Release;
		};
		E93C4E2D207B92290022598B /* Debug */ = {
			isa = XCBuildConfiguration;
			baseConfigurationReference = B94FD06A485079281283F7A1 /* Pods-SVSTVSample.debug.xcconfig */;
			buildSettings = {
				ASSETCATALOG_COMPILER_APPICON_NAME = "App Icon & Top Shelf Image";
				ASSETCATALOG_COMPILER_LAUNCHIMAGE_NAME = LaunchImage;
				CODE_SIGN_STYLE = Automatic;
				DEVELOPMENT_TEAM = Q54572X2VB;
				FRAMEWORK_SEARCH_PATHS = (
					"$(inherited)",
					"$(PROJECT_DIR)",
				);
				INFOPLIST_FILE = SVSTVSample/Info.plist;
				LD_RUNPATH_SEARCH_PATHS = (
					"$(inherited)",
					"@executable_path/Frameworks",
				);
				PRODUCT_BUNDLE_IDENTIFIER = com.smartadserver.SVSTVSample;
				PRODUCT_NAME = "$(TARGET_NAME)";
				TARGETED_DEVICE_FAMILY = 3;
				TVOS_DEPLOYMENT_TARGET = 10.0;
			};
			name = Debug;
		};
		E93C4E2E207B92290022598B /* Release */ = {
			isa = XCBuildConfiguration;
			baseConfigurationReference = 5658B7B9527876CDB23128AC /* Pods-SVSTVSample.release.xcconfig */;
			buildSettings = {
				ASSETCATALOG_COMPILER_APPICON_NAME = "App Icon & Top Shelf Image";
				ASSETCATALOG_COMPILER_LAUNCHIMAGE_NAME = LaunchImage;
				CODE_SIGN_STYLE = Automatic;
				DEVELOPMENT_TEAM = Q54572X2VB;
				FRAMEWORK_SEARCH_PATHS = (
					"$(inherited)",
					"$(PROJECT_DIR)",
				);
				INFOPLIST_FILE = SVSTVSample/Info.plist;
				LD_RUNPATH_SEARCH_PATHS = (
					"$(inherited)",
					"@executable_path/Frameworks",
				);
				PRODUCT_BUNDLE_IDENTIFIER = com.smartadserver.SVSTVSample;
				PRODUCT_NAME = "$(TARGET_NAME)";
				TARGETED_DEVICE_FAMILY = 3;
				TVOS_DEPLOYMENT_TARGET = 10.0;
			};
			name = Release;
		};
/* End XCBuildConfiguration section */

/* Begin XCConfigurationList section */
		E93C4E14207B92280022598B /* Build configuration list for PBXProject "SVSTVSample" */ = {
			isa = XCConfigurationList;
			buildConfigurations = (
				E93C4E2A207B92290022598B /* Debug */,
				E93C4E2B207B92290022598B /* Release */,
			);
			defaultConfigurationIsVisible = 0;
			defaultConfigurationName = Release;
		};
		E93C4E2C207B92290022598B /* Build configuration list for PBXNativeTarget "SVSTVSample" */ = {
			isa = XCConfigurationList;
			buildConfigurations = (
				E93C4E2D207B92290022598B /* Debug */,
				E93C4E2E207B92290022598B /* Release */,
			);
			defaultConfigurationIsVisible = 0;
			defaultConfigurationName = Release;
		};
/* End XCConfigurationList section */
	};
	rootObject = E93C4E11207B92280022598B /* Project object */;
}
