PODS:
  - Smart-Core-TV-SDK (7.19.1)
  - Smart-Instream-TV-SDK (7.19.1):
    - Smart-Core-TV-SDK (~> 7.19)

DEPENDENCIES:
  - Smart-Instream-TV-SDK (~> 7.19.1)

SPEC REPOS:
  https://github.com/CocoaPods/Specs.git:
    - Smart-Core-TV-SDK
    - Smart-Instream-TV-SDK

SPEC CHECKSUMS:
  Smart-Core-TV-SDK: 718d6d6f0bc066bd35c409bab760a315eb714df5
  Smart-Instream-TV-SDK: c361da4481dff5842ded791419df4f1f110f1921

PODFILE CHECKSUM: deefa75a900c0aea2d5bbdf7e354d9e3fde68eb6

COCOAPODS: 1.11.0
