PODS:
  - Smart-Core-TV-SDK (7.5.0)
  - Smart-Instream-TV-SDK (7.5.0):
    - Smart-Core-TV-SDK (~> 7.5)

DEPENDENCIES:
  - Smart-Instream-TV-SDK (= 7.5.0)

SPEC REPOS:
  https://github.com/CocoaPods/Specs.git:
    - Smart-Core-TV-SDK
    - Smart-Instream-TV-SDK

SPEC CHECKSUMS:
  Smart-Core-TV-SDK: 64358f3022e706fa5515494a43a76e216ec78fce
  Smart-Instream-TV-SDK: e93788540ebedd5fb441376dc42984c07a227764

PODFILE CHECKSUM: 3c9aff66f0f4de36c84d2c2c2f4ef4437ab9287d

COCOAPODS: 1.8.4
