PODS:
  - Smart-Instream-SDK (7.24.2)

DEPENDENCIES:
  - Smart-Instream-SDK (~> 7.24.2)

SPEC REPOS:
  https://github.com/CocoaPods/Specs.git:
    - Smart-Instream-SDK

SPEC CHECKSUMS:
  Smart-Instream-SDK: f9c522096e18b653b0a7f5a4a2e9e350408bc4d7

PODFILE CHECKSUM: 66f6e01fe399c1225571ec782ed5209741102a91

COCOAPODS: 1.15.2
